
Microsoft Visual Studio Solution File, Format Version 12.00
# Visual Studio Version 17
VisualStudioVersion = 17.14.36109.1 d17.14
MinimumVisualStudioVersion = 10.0.40219.1
Project("{FAE04EC0-301F-11D3-BF4B-00C04F79EFBC}") = "PVS-Studio-Demo", "PVS-Studio-Demo.csproj", "{4471D390-ACB8-4B85-969F-856E1B873ED3}"
EndProject
Global
	GlobalSection(SolutionConfigurationPlatforms) = preSolution
		Debug|Any CPU = Debug|Any CPU
		Release|Any CPU = Release|Any CPU
	EndGlobalSection
	GlobalSection(ProjectConfigurationPlatforms) = postSolution
		{4471D390-ACB8-4B85-969F-856E1B873ED3}.Debug|Any CPU.ActiveCfg = Debug|Any CPU
		{4471D390-ACB8-4B85-969F-856E1B873ED3}.Debug|Any CPU.Build.0 = Debug|Any CPU
		{4471D390-ACB8-4B85-969F-856E1B873ED3}.Release|Any CPU.ActiveCfg = Release|Any CPU
		{4471D390-ACB8-4B85-969F-856E1B873ED3}.Release|Any CPU.Build.0 = Release|Any CPU
	EndGlobalSection
	GlobalSection(SolutionProperties) = preSolution
		HideSolutionNode = FALSE
	EndGlobalSection
	GlobalSection(ExtensibilityGlobals) = postSolution
		SolutionGuid = {53C036E1-2DDB-4794-A2E8-1D5D3DCFBF7B}
	EndGlobalSection
EndGlobal
